// !$*UTF8*$!
{
	archiveVersion = 1;
	classes = {
	};
	objectVersion = 46;
	objects = {

/* Begin PBXBuildFile section */
		3E4E06A21B5BB0DF000178BD /* ShowViewController.m in Sources */ = {isa = PBXBuildFile; fileRef = 3E4E06A11B5BB0DF000178BD /* ShowViewController.m */; };
		3EE8512B1B5A602300DE5105 /* main.m in Sources */ = {isa = PBXBuildFile; fileRef = 3EE8512A1B5A602300DE5105 /* main.m */; };
		3EE8512E1B5A602300DE5105 /* AppDelegate.m in Sources */ = {isa = PBXBuildFile; fileRef = 3EE8512D1B5A602300DE5105 /* AppDelegate.m */; };
		3EE851311B5A602300DE5105 /* SqlNoteBook.xcdatamodeld in Sources */ = {isa = PBXBuildFile; fileRef = 3EE8512F1B5A602300DE5105 /* SqlNoteBook.xcdatamodeld */; };
		3EE851341B5A602300DE5105 /* ViewController.m in Sources */ = {isa = PBXBuildFile; fileRef = 3EE851331B5A602300DE5105 /* ViewController.m */; };
		3EE851371B5A602300DE5105 /* Main.storyboard in Resources */ = {isa = PBXBuildFile; fileRef = 3EE851351B5A602300DE5105 /* Main.storyboard */; };
		3EE851391B5A602300DE5105 /* Images.xcassets in Resources */ = {isa = PBXBuildFile; fileRef = 3EE851381B5A602300DE5105 /* Images.xcassets */; };
		3EE8513C1B5A602300DE5105 /* LaunchScreen.xib in Resources */ = {isa = PBXBuildFile; fileRef = 3EE8513A1B5A602300DE5105 /* LaunchScreen.xib */; };
		3EE851481B5A602300DE5105 /* SqlNoteBookTests.m in Sources */ = {isa = PBXBuildFile; fileRef = 3EE851471B5A602300DE5105 /* SqlNoteBookTests.m */; };
		3EE851531B5A62F100DE5105 /* 森林少女.jpg in Resources */ = {isa = PBXBuildFile; fileRef = 3EE851521B5A62F100DE5105 /* 森林少女.jpg */; };
		3EE851561B5A6F2200DE5105 /* EditViewController.m in Sources */ = {isa = PBXBuildFile; fileRef = 3EE851551B5A6F2200DE5105 /* EditViewController.m */; };
		3EE851581B5A908800DE5105 /* libsqlite3.dylib in Frameworks */ = {isa = PBXBuildFile; fileRef = 3EE851571B5A908800DE5105 /* libsqlite3.dylib */; };
/* End PBXBuildFile section */

/* Begin PBXContainerItemProxy section */
		3EE851421B5A602300DE5105 /* PBXContainerItemProxy */ = {
			isa = PBXContainerItemProxy;
			containerPortal = 3EE8511D1B5A602300DE5105 /* Project object */;
			proxyType = 1;
			remoteGlobalIDString = 3EE851241B5A602300DE5105;
			remoteInfo = SqlNoteBook;
		};
/* End PBXContainerItemProxy section */

/* Begin PBXFileReference section */
		3E4E06A01B5BB0DF000178BD /* ShowViewController.h */ = {isa = PBXFileReference; fileEncoding = 4; lastKnownFileType = sourcecode.c.h; path = ShowViewController.h; sourceTree = "<group>"; };
		3E4E06A11B5BB0DF000178BD /* ShowViewController.m */ = {isa = PBXFileReference; fileEncoding = 4; lastKnownFileType = sourcecode.c.objc; path = ShowViewController.m; sourceTree = "<group>"; };
		3EE851251B5A602300DE5105 /* SqlNoteBook.app */ = {isa = PBXFileReference; explicitFileType = wrapper.application; includeInIndex = 0; path = SqlNoteBook.app; sourceTree = BUILT_PRODUCTS_DIR; };
		3EE851291B5A602300DE5105 /* Info.plist */ = {isa = PBXFileReference; lastKnownFileType = text.plist.xml; path = Info.plist; sourceTree = "<group>"; };
		3EE8512A1B5A602300DE5105 /* main.m */ = {isa = PBXFileReference; lastKnownFileType = sourcecode.c.objc; path = main.m; sourceTree = "<group>"; };
		3EE8512C1B5A602300DE5105 /* AppDelegate.h */ = {isa = PBXFileReference; lastKnownFileType = sourcecode.c.h; path = AppDelegate.h; sourceTree = "<group>"; };
		3EE8512D1B5A602300DE5105 /* AppDelegate.m */ = {isa = PBXFileReference; lastKnownFileType = sourcecode.c.objc; path = AppDelegate.m; sourceTree = "<group>"; };
		3EE851301B5A602300DE5105 /* SqlNoteBook.xcdatamodel */ = {isa = PBXFileReference; lastKnownFileType = wrapper.xcdatamodel; path = SqlNoteBook.xcdatamodel; sourceTree = "<group>"; };
		3EE851321B5A602300DE5105 /* ViewController.h */ = {isa = PBXFileReference; lastKnownFileType = sourcecode.c.h; path = ViewController.h; sourceTree = "<group>"; };
		3EE851331B5A602300DE5105 /* ViewController.m */ = {isa = PBXFileReference; lastKnownFileType = sourcecode.c.objc; path = ViewController.m; sourceTree = "<group>"; };
		3EE851361B5A602300DE5105 /* Base */ = {isa = PBXFileReference; lastKnownFileType = file.storyboard; name = Base; path = Base.lproj/Main.storyboard; sourceTree = "<group>"; };
		3EE851381B5A602300DE5105 /* Images.xcassets */ = {isa = PBXFileReference; lastKnownFileType = folder.assetcatalog; path = Images.xcassets; sourceTree = "<group>"; };
		3EE8513B1B5A602300DE5105 /* Base */ = {isa = PBXFileReference; lastKnownFileType = file.xib; name = Base; path = Base.lproj/LaunchScreen.xib; sourceTree = "<group>"; };
		3EE851411B5A602300DE5105 /* SqlNoteBookTests.xctest */ = {isa = PBXFileReference; explicitFileType = wrapper.cfbundle; includeInIndex = 0; path = SqlNoteBookTests.xctest; sourceTree = BUILT_PRODUCTS_DIR; };
		3EE851461B5A602300DE5105 /* Info.plist */ = {isa = PBXFileReference; lastKnownFileType = text.plist.xml; path = Info.plist; sourceTree = "<group>"; };
		3EE851471B5A602300DE5105 /* SqlNoteBookTests.m */ = {isa = PBXFileReference; lastKnownFileType = sourcecode.c.objc; path = SqlNoteBookTests.m; sourceTree = "<group>"; };
		3EE851521B5A62F100DE5105 /* 森林少女.jpg */ = {isa = PBXFileReference; lastKnownFileType = image.jpeg; path = "森林少女.jpg"; sourceTree = "<group>"; };
		3EE851541B5A6F2200DE5105 /* EditViewController.h */ = {isa = PBXFileReference; fileEncoding = 4; lastKnownFileType = sourcecode.c.h; path = EditViewController.h; sourceTree = "<group>"; };
		3EE851551B5A6F2200DE5105 /* EditViewController.m */ = {isa = PBXFileReference; fileEncoding = 4; lastKnownFileType = sourcecode.c.objc; path = EditViewController.m; sourceTree = "<group>"; };
		3EE851571B5A908800DE5105 /* libsqlite3.dylib */ = {isa = PBXFileReference; lastKnownFileType = "compiled.mach-o.dylib"; name = libsqlite3.dylib; path = usr/lib/libsqlite3.dylib; sourceTree = SDKROOT; };
/* End PBXFileReference section */

/* Begin PBXFrameworksBuildPhase section */
		3EE851221B5A602300DE5105 /* Frameworks */ = {
			isa = PBXFrameworksBuildPhase;
			buildActionMask = 2147483647;
			files = (
				3EE851581B5A908800DE5105 /* libsqlite3.dylib in Frameworks */,
			);
			runOnlyForDeploymentPostprocessing = 0;
		};
		3EE8513E1B5A602300DE5105 /* Frameworks */ = {
			isa = PBXFrameworksBuildPhase;
			buildActionMask = 2147483647;
			files = (
			);
			runOnlyForDeploymentPostprocessing = 0;
		};
/* End PBXFrameworksBuildPhase section */

/* Begin PBXGroup section */
		3EE8511C1B5A602300DE5105 = {
			isa = PBXGroup;
			children = (
				3EE851271B5A602300DE5105 /* SqlNoteBook */,
				3EE851441B5A602300DE5105 /* SqlNoteBookTests */,
				3EE851261B5A602300DE5105 /* Products */,
			);
			sourceTree = "<group>";
		};
		3EE851261B5A602300DE5105 /* Products */ = {
			isa = PBXGroup;
			children = (
				3EE851251B5A602300DE5105 /* SqlNoteBook.app */,
				3EE851411B5A602300DE5105 /* SqlNoteBookTests.xctest */,
			);
			name = Products;
			sourceTree = "<group>";
		};
		3EE851271B5A602300DE5105 /* SqlNoteBook */ = {
			isa = PBXGroup;
			children = (
				3EE8512C1B5A602300DE5105 /* AppDelegate.h */,
				3EE8512D1B5A602300DE5105 /* AppDelegate.m */,
				3EE851321B5A602300DE5105 /* ViewController.h */,
				3EE851331B5A602300DE5105 /* ViewController.m */,
				3EE851541B5A6F2200DE5105 /* EditViewController.h */,
				3EE851551B5A6F2200DE5105 /* EditViewController.m */,
				3E4E06A01B5BB0DF000178BD /* ShowViewController.h */,
				3E4E06A11B5BB0DF000178BD /* ShowViewController.m */,
				3EE851351B5A602300DE5105 /* Main.storyboard */,
				3EE851381B5A602300DE5105 /* Images.xcassets */,
				3EE8513A1B5A602300DE5105 /* LaunchScreen.xib */,
				3EE8512F1B5A602300DE5105 /* SqlNoteBook.xcdatamodeld */,
				3EE851511B5A60FD00DE5105 /* Images */,
				3EE851281B5A602300DE5105 /* Supporting Files */,
			);
			path = SqlNoteBook;
			sourceTree = "<group>";
		};
		3EE851281B5A602300DE5105 /* Supporting Files */ = {
			isa = PBXGroup;
			children = (
				3EE851571B5A908800DE5105 /* libsqlite3.dylib */,
				3EE851291B5A602300DE5105 /* Info.plist */,
				3EE8512A1B5A602300DE5105 /* main.m */,
			);
			name = "Supporting Files";
			sourceTree = "<group>";
		};
		3EE851441B5A602300DE5105 /* SqlNoteBookTests */ = {
			isa = PBXGroup;
			children = (
				3EE851471B5A602300DE5105 /* SqlNoteBookTests.m */,
				3EE851451B5A602300DE5105 /* Supporting Files */,
			);
			path = SqlNoteBookTests;
			sourceTree = "<group>";
		};
		3EE851451B5A602300DE5105 /* Supporting Files */ = {
			isa = PBXGroup;
			children = (
				3EE851461B5A602300DE5105 /* Info.plist */,
			);
			name = "Supporting Files";
			sourceTree = "<group>";
		};
		3EE851511B5A60FD00DE5105 /* Images */ = {
			isa = PBXGroup;
			children = (
				3EE851521B5A62F100DE5105 /* 森林少女.jpg */,
			);
			name = Images;
			sourceTree = "<group>";
		};
/* End PBXGroup section */

/* Begin PBXNativeTarget section */
		3EE851241B5A602300DE5105 /* SqlNoteBook */ = {
			isa = PBXNativeTarget;
			buildConfigurationList = 3EE8514B1B5A602300DE5105 /* Build configuration list for PBXNativeTarget "SqlNoteBook" */;
			buildPhases = (
				3EE851211B5A602300DE5105 /* Sources */,
				3EE851221B5A602300DE5105 /* Frameworks */,
				3EE851231B5A602300DE5105 /* Resources */,
			);
			buildRules = (
			);
			dependencies = (
			);
			name = SqlNoteBook;
			productName = SqlNoteBook;
			productReference = 3EE851251B5A602300DE5105 /* SqlNoteBook.app */;
			productType = "com.apple.product-type.application";
		};
		3EE851401B5A602300DE5105 /* SqlNoteBookTests */ = {
			isa = PBXNativeTarget;
			buildConfigurationList = 3EE8514E1B5A602300DE5105 /* Build configuration list for PBXNativeTarget "SqlNoteBookTests" */;
			buildPhases = (
				3EE8513D1B5A602300DE5105 /* Sources */,
				3EE8513E1B5A602300DE5105 /* Frameworks */,
				3EE8513F1B5A602300DE5105 /* Resources */,
			);
			buildRules = (
			);
			dependencies = (
				3EE851431B5A602300DE5105 /* PBXTargetDependency */,
			);
			name = SqlNoteBookTests;
			productName = SqlNoteBookTests;
			productReference = 3EE851411B5A602300DE5105 /* SqlNoteBookTests.xctest */;
			productType = "com.apple.product-type.bundle.unit-test";
		};
/* End PBXNativeTarget section */

/* Begin PBXProject section */
		3EE8511D1B5A602300DE5105 /* Project object */ = {
			isa = PBXProject;
			attributes = {
				LastUpgradeCheck = 0630;
				ORGANIZATIONNAME = lin;
				TargetAttributes = {
					3EE851241B5A602300DE5105 = {
						CreatedOnToolsVersion = 6.3;
					};
					3EE851401B5A602300DE5105 = {
						CreatedOnToolsVersion = 6.3;
						TestTargetID = 3EE851241B5A602300DE5105;
					};
				};
			};
			buildConfigurationList = 3EE851201B5A602300DE5105 /* Build configuration list for PBXProject "SqlNoteBook" */;
			compatibilityVersion = "Xcode 3.2";
			developmentRegion = English;
			hasScannedForEncodings = 0;
			knownRegions = (
				en,
				Base,
			);
			mainGroup = 3EE8511C1B5A602300DE5105;
			productRefGroup = 3EE851261B5A602300DE5105 /* Products */;
			projectDirPath = "";
			projectRoot = "";
			targets = (
				3EE851241B5A602300DE5105 /* SqlNoteBook */,
				3EE851401B5A602300DE5105 /* SqlNoteBookTests */,
			);
		};
/* End PBXProject section */

/* Begin PBXResourcesBuildPhase section */
		3EE851231B5A602300DE5105 /* Resources */ = {
			isa = PBXResourcesBuildPhase;
			buildActionMask = 2147483647;
			files = (
				3EE851531B5A62F100DE5105 /* 森林少女.jpg in Resources */,
				3EE851371B5A602300DE5105 /* Main.storyboard in Resources */,
				3EE8513C1B5A602300DE5105 /* LaunchScreen.xib in Resources */,
				3EE851391B5A602300DE5105 /* Images.xcassets in Resources */,
			);
			runOnlyForDeploymentPostprocessing = 0;
		};
		3EE8513F1B5A602300DE5105 /* Resources */ = {
			isa = PBXResourcesBuildPhase;
			buildActionMask = 2147483647;
			files = (
			);
			runOnlyForDeploymentPostprocessing = 0;
		};
/* End PBXResourcesBuildPhase section */

/* Begin PBXSourcesBuildPhase section */
		3EE851211B5A602300DE5105 /* Sources */ = {
			isa = PBXSourcesBuildPhase;
			buildActionMask = 2147483647;
			files = (
				3EE851311B5A602300DE5105 /* SqlNoteBook.xcdatamodeld in Sources */,
				3EE8512E1B5A602300DE5105 /* AppDelegate.m in Sources */,
				3EE851341B5A602300DE5105 /* ViewController.m in Sources */,
				3EE8512B1B5A602300DE5105 /* main.m in Sources */,
				3EE851561B5A6F2200DE5105 /* EditViewController.m in Sources */,
				3E4E06A21B5BB0DF000178BD /* ShowViewController.m in Sources */,
			);
			runOnlyForDeploymentPostprocessing = 0;
		};
		3EE8513D1B5A602300DE5105 /* Sources */ = {
			isa = PBXSourcesBuildPhase;
			buildActionMask = 2147483647;
			files = (
				3EE851481B5A602300DE5105 /* SqlNoteBookTests.m in Sources */,
			);
			runOnlyForDeploymentPostprocessing = 0;
		};
/* End PBXSourcesBuildPhase section */

/* Begin PBXTargetDependency section */
		3EE851431B5A602300DE5105 /* PBXTargetDependency */ = {
			isa = PBXTargetDependency;
			target = 3EE851241B5A602300DE5105 /* SqlNoteBook */;
			targetProxy = 3EE851421B5A602300DE5105 /* PBXContainerItemProxy */;
		};
/* End PBXTargetDependency section */

/* Begin PBXVariantGroup section */
		3EE851351B5A602300DE5105 /* Main.storyboard */ = {
			isa = PBXVariantGroup;
			children = (
				3EE851361B5A602300DE5105 /* Base */,
			);
			name = Main.storyboard;
			sourceTree = "<group>";
		};
		3EE8513A1B5A602300DE5105 /* LaunchScreen.xib */ = {
			isa = PBXVariantGroup;
			children = (
				3EE8513B1B5A602300DE5105 /* Base */,
			);
			name = LaunchScreen.xib;
			sourceTree = "<group>";
		};
/* End PBXVariantGroup section */

/* Begin XCBuildConfiguration section */
		3EE851491B5A602300DE5105 /* Debug */ = {
			isa = XCBuildConfiguration;
			buildSettings = {
				ALWAYS_SEARCH_USER_PATHS = NO;
				CLANG_CXX_LANGUAGE_STANDARD = "gnu++0x";
				CLANG_CXX_LIBRARY = "libc++";
				CLANG_ENABLE_MODULES = YES;
				CLANG_ENABLE_OBJC_ARC = YES;
				CLANG_WARN_BOOL_CONVERSION = YES;
				CLANG_WARN_CONSTANT_CONVERSION = YES;
				CLANG_WARN_DIRECT_OBJC_ISA_USAGE = YES_ERROR;
				CLANG_WARN_EMPTY_BODY = YES;
				CLANG_WARN_ENUM_CONVERSION = YES;
				CLANG_WARN_INT_CONVERSION = YES;
				CLANG_WARN_OBJC_ROOT_CLASS = YES_ERROR;
				CLANG_WARN_UNREACHABLE_CODE = YES;
				CLANG_WARN__DUPLICATE_METHOD_MATCH = YES;
				"CODE_SIGN_IDENTITY[sdk=iphoneos*]" = "iPhone Developer";
				COPY_PHASE_STRIP = NO;
				DEBUG_INFORMATION_FORMAT = "dwarf-with-dsym";
				ENABLE_STRICT_OBJC_MSGSEND = YES;
				GCC_C_LANGUAGE_STANDARD = gnu99;
				GCC_DYNAMIC_NO_PIC = NO;
				GCC_NO_COMMON_BLOCKS = YES;
				GCC_OPTIMIZATION_LEVEL = 0;
				GCC_PREPROCESSOR_DEFINITIONS = (
					"DEBUG=1",
					"$(inherited)",
				);
				GCC_SYMBOLS_PRIVATE_EXTERN = NO;
				GCC_WARN_64_TO_32_BIT_CONVERSION = YES;
				GCC_WARN_ABOUT_RETURN_TYPE = YES_ERROR;
				GCC_WARN_UNDECLARED_SELECTOR = YES;
				GCC_WARN_UNINITIALIZED_AUTOS = YES_AGGRESSIVE;
				GCC_WARN_UNUSED_FUNCTION = YES;
				GCC_WARN_UNUSED_VARIABLE = YES;
				IPHONEOS_DEPLOYMENT_TARGET = 8.3;
				MTL_ENABLE_DEBUG_INFO = YES;
				ONLY_ACTIVE_ARCH = YES;
				SDKROOT = iphoneos;
			};
			name = Debug;
		};
		3EE8514A1B5A602300DE5105 /* Release */ = {
			isa = XCBuildConfiguration;
			buildSettings = {
				ALWAYS_SEARCH_USER_PATHS = NO;
				CLANG_CXX_LANGUAGE_STANDARD = "gnu++0x";
				CLANG_CXX_LIBRARY = "libc++";
				CLANG_ENABLE_MODULES = YES;
				CLANG_ENABLE_OBJC_ARC = YES;
				CLANG_WARN_BOOL_CONVERSION = YES;
				CLANG_WARN_CONSTANT_CONVERSION = YES;
				CLANG_WARN_DIRECT_OBJC_ISA_USAGE = YES_ERROR;
				CLANG_WARN_EMPTY_BODY = YES;
				CLANG_WARN_ENUM_CONVERSION = YES;
				CLANG_WARN_INT_CONVERSION = YES;
				CLANG_WARN_OBJC_ROOT_CLASS = YES_ERROR;
				CLANG_WARN_UNREACHABLE_CODE = YES;
				CLANG_WARN__DUPLICATE_METHOD_MATCH = YES;
				"CODE_SIGN_IDENTITY[sdk=iphoneos*]" = "iPhone Developer";
				COPY_PHASE_STRIP = NO;
				DEBUG_INFORMATION_FORMAT = "dwarf-with-dsym";
				ENABLE_NS_ASSERTIONS = NO;
				ENABLE_STRICT_OBJC_MSGSEND = YES;
				GCC_C_LANGUAGE_STANDARD = gnu99;
				GCC_NO_COMMON_BLOCKS = YES;
				GCC_WARN_64_TO_32_BIT_CONVERSION = YES;
				GCC_WARN_ABOUT_RETURN_TYPE = YES_ERROR;
				GCC_WARN_UNDECLARED_SELECTOR = YES;
				GCC_WARN_UNINITIALIZED_AUTOS = YES_AGGRESSIVE;
				GCC_WARN_UNUSED_FUNCTION = YES;
				GCC_WARN_UNUSED_VARIABLE = YES;
				IPHONEOS_DEPLOYMENT_TARGET = 8.3;
				MTL_ENABLE_DEBUG_INFO = NO;
				SDKROOT = iphoneos;
				VALIDATE_PRODUCT = YES;
			};
			name = Release;
		};
		3EE8514C1B5A602300DE5105 /* Debug */ = {
			isa = XCBuildConfiguration;
			buildSettings = {
				ASSETCATALOG_COMPILER_APPICON_NAME = AppIcon;
				INFOPLIST_FILE = SqlNoteBook/Info.plist;
				LD_RUNPATH_SEARCH_PATHS = "$(inherited) @executable_path/Frameworks";
				PRODUCT_NAME = "$(TARGET_NAME)";
			};
			name = Debug;
		};
		3EE8514D1B5A602300DE5105 /* Release */ = {
			isa = XCBuildConfiguration;
			buildSettings = {
				ASSETCATALOG_COMPILER_APPICON_NAME = AppIcon;
				INFOPLIST_FILE = SqlNoteBook/Info.plist;
				LD_RUNPATH_SEARCH_PATHS = "$(inherited) @executable_path/Frameworks";
				PRODUCT_NAME = "$(TARGET_NAME)";
			};
			name = Release;
		};
		3EE8514F1B5A602300DE5105 /* Debug */ = {
			isa = XCBuildConfiguration;
			buildSettings = {
				BUNDLE_LOADER = "$(TEST_HOST)";
				FRAMEWORK_SEARCH_PATHS = (
					"$(SDKROOT)/Developer/Library/Frameworks",
					"$(inherited)",
				);
				GCC_PREPROCESSOR_DEFINITIONS = (
					"DEBUG=1",
					"$(inherited)",
				);
				INFOPLIST_FILE = SqlNoteBookTests/Info.plist;
				LD_RUNPATH_SEARCH_PATHS = "$(inherited) @executable_path/Frameworks @loader_path/Frameworks";
				PRODUCT_NAME = "$(TARGET_NAME)";
				TEST_HOST = "$(BUILT_PRODUCTS_DIR)/SqlNoteBook.app/SqlNoteBook";
			};
			name = Debug;
		};
		3EE851501B5A602300DE5105 /* Release */ = {
			isa = XCBuildConfiguration;
			buildSettings = {
				BUNDLE_LOADER = "$(TEST_HOST)";
				FRAMEWORK_SEARCH_PATHS = (
					"$(SDKROOT)/Developer/Library/Frameworks",
					"$(inherited)",
				);
				INFOPLIST_FILE = SqlNoteBookTests/Info.plist;
				LD_RUNPATH_SEARCH_PATHS = "$(inherited) @executable_path/Frameworks @loader_path/Frameworks";
				PRODUCT_NAME = "$(TARGET_NAME)";
				TEST_HOST = "$(BUILT_PRODUCTS_DIR)/SqlNoteBook.app/SqlNoteBook";
			};
			name = Release;
		};
/* End XCBuildConfiguration section */

/* Begin XCConfigurationList section */
		3EE851201B5A602300DE5105 /* Build configuration list for PBXProject "SqlNoteBook" */ = {
			isa = XCConfigurationList;
			buildConfigurations = (
				3EE851491B5A602300DE5105 /* Debug */,
				3EE8514A1B5A602300DE5105 /* Release */,
			);
			defaultConfigurationIsVisible = 0;
			defaultConfigurationName = Release;
		};
		3EE8514B1B5A602300DE5105 /* Build configuration list for PBXNativeTarget "SqlNoteBook" */ = {
			isa = XCConfigurationList;
			buildConfigurations = (
				3EE8514C1B5A602300DE5105 /* Debug */,
				3EE8514D1B5A602300DE5105 /* Release */,
			);
			defaultConfigurationIsVisible = 0;
			defaultConfigurationName = Release;
		};
		3EE8514E1B5A602300DE5105 /* Build configuration list for PBXNativeTarget "SqlNoteBookTests" */ = {
			isa = XCConfigurationList;
			buildConfigurations = (
				3EE8514F1B5A602300DE5105 /* Debug */,
				3EE851501B5A602300DE5105 /* Release */,
			);
			defaultConfigurationIsVisible = 0;
			defaultConfigurationName = Release;
		};
/* End XCConfigurationList section */

/* Begin XCVersionGroup section */
		3EE8512F1B5A602300DE5105 /* SqlNoteBook.xcdatamodeld */ = {
			isa = XCVersionGroup;
			children = (
				3EE851301B5A602300DE5105 /* SqlNoteBook.xcdatamodel */,
			);
			currentVersion = 3EE851301B5A602300DE5105 /* SqlNoteBook.xcdatamodel */;
			path = SqlNoteBook.xcdatamodeld;
			sourceTree = "<group>";
			versionGroupType = wrapper.xcdatamodel;
		};
/* End XCVersionGroup section */
	};
	rootObject = 3EE8511D1B5A602300DE5105 /* Project object */;
}
